// !$*UTF8*$!
{
	archiveVersion = 1;
	classes = {
	};
	objectVersion = 56;
	objects = {

/* Begin PBXBuildFile section */
		A06231B82C4A858500995409 /* GitDemo1App.swift in Sources */ = {isa = PBXBuildFile; fileRef = A06231B72C4A858500995409 /* GitDemo1App.swift */; };
		A06231BA2C4A858500995409 /* GitDemo1Document.swift in Sources */ = {isa = PBXBuildFile; fileRef = A06231B92C4A858500995409 /* GitDemo1Document.swift */; };
		A06231BC2C4A858500995409 /* ContentView.swift in Sources */ = {isa = PBXBuildFile; fileRef = A06231BB2C4A858500995409 /* ContentView.swift */; };
		A06231BE2C4A858700995409 /* Assets.xcassets in Resources */ = {isa = PBXBuildFile; fileRef = A06231BD2C4A858700995409 /* Assets.xcassets */; };
		A06231C32C4A858700995409 /* Preview Assets.xcassets in Resources */ = {isa = PBXBuildFile; fileRef = A06231C22C4A858700995409 /* Preview Assets.xcassets */; };
		A06231CD2C4A858800995409 /* GitDemo1Tests.swift in Sources */ = {isa = PBXBuildFile; fileRef = A06231CC2C4A858800995409 /* GitDemo1Tests.swift */; };
		A06231D72C4A858800995409 /* GitDemo1UITests.swift in Sources */ = {isa = PBXBuildFile; fileRef = A06231D62C4A858800995409 /* GitDemo1UITests.swift */; };
		A06231D92C4A858800995409 /* GitDemo1UITestsLaunchTests.swift in Sources */ = {isa = PBXBuildFile; fileRef = A06231D82C4A858800995409 /* GitDemo1UITestsLaunchTests.swift */; };
/* End PBXBuildFile section */

/* Begin PBXContainerItemProxy section */
		A06231C92C4A858800995409 /* PBXContainerItemProxy */ = {
			isa = PBXContainerItemProxy;
			containerPortal = A06231AC2C4A858500995409 /* Project object */;
			proxyType = 1;
			remoteGlobalIDString = A06231B32C4A858500995409;
			remoteInfo = GitDemo1;
		};
		A06231D32C4A858800995409 /* PBXContainerItemProxy */ = {
			isa = PBXContainerItemProxy;
			containerPortal = A06231AC2C4A858500995409 /* Project object */;
			proxyType = 1;
			remoteGlobalIDString = A06231B32C4A858500995409;
			remoteInfo = GitDemo1;
		};
/* End PBXContainerItemProxy section */

/* Begin PBXFileReference section */
		A06231B42C4A858500995409 /* GitDemo1.app */ = {isa = PBXFileReference; explicitFileType = wrapper.application; includeInIndex = 0; path = GitDemo1.app; sourceTree = BUILT_PRODUCTS_DIR; };
		A06231B72C4A858500995409 /* GitDemo1App.swift */ = {isa = PBXFileReference; lastKnownFileType = sourcecode.swift; path = GitDemo1App.swift; sourceTree = "<group>"; };
		A06231B92C4A858500995409 /* GitDemo1Document.swift */ = {isa = PBXFileReference; lastKnownFileType = sourcecode.swift; path = GitDemo1Document.swift; sourceTree = "<group>"; };
		A06231BB2C4A858500995409 /* ContentView.swift */ = {isa = PBXFileReference; lastKnownFileType = sourcecode.swift; path = ContentView.swift; sourceTree = "<group>"; };
		A06231BD2C4A858700995409 /* Assets.xcassets */ = {isa = PBXFileReference; lastKnownFileType = folder.assetcatalog; path = Assets.xcassets; sourceTree = "<group>"; };
		A06231BF2C4A858700995409 /* Info.plist */ = {isa = PBXFileReference; lastKnownFileType = text.plist.xml; path = Info.plist; sourceTree = "<group>"; };
		A06231C02C4A858700995409 /* GitDemo1.entitlements */ = {isa = PBXFileReference; lastKnownFileType = text.plist.entitlements; path = GitDemo1.entitlements; sourceTree = "<group>"; };
		A06231C22C4A858700995409 /* Preview Assets.xcassets */ = {isa = PBXFileReference; lastKnownFileType = folder.assetcatalog; path = "Preview Assets.xcassets"; sourceTree = "<group>"; };
		A06231C82C4A858800995409 /* GitDemo1Tests.xctest */ = {isa = PBXFileReference; explicitFileType = wrapper.cfbundle; includeInIndex = 0; path = GitDemo1Tests.xctest; sourceTree = BUILT_PRODUCTS_DIR; };
		A06231CC2C4A858800995409 /* GitDemo1Tests.swift */ = {isa = PBXFileReference; lastKnownFileType = sourcecode.swift; path = GitDemo1Tests.swift; sourceTree = "<group>"; };
		A06231D22C4A858800995409 /* GitDemo1UITests.xctest */ = {isa = PBXFileReference; explicitFileType = wrapper.cfbundle; includeInIndex = 0; path = GitDemo1UITests.xctest; sourceTree = BUILT_PRODUCTS_DIR; };
		A06231D62C4A858800995409 /* GitDemo1UITests.swift */ = {isa = PBXFileReference; lastKnownFileType = sourcecode.swift; path = GitDemo1UITests.swift; sourceTree = "<group>"; };
		A06231D82C4A858800995409 /* GitDemo1UITestsLaunchTests.swift */ = {isa = PBXFileReference; lastKnownFileType = sourcecode.swift; path = GitDemo1UITestsLaunchTests.swift; sourceTree = "<group>"; };
/* End PBXFileReference section */

/* Begin PBXFrameworksBuildPhase section */
		A06231B12C4A858500995409 /* Frameworks */ = {
			isa = PBXFrameworksBuildPhase;
			buildActionMask = 2147483647;
			files = (
			);
			runOnlyForDeploymentPostprocessing = 0;
		};
		A06231C52C4A858800995409 /* Frameworks */ = {
			isa = PBXFrameworksBuildPhase;
			buildActionMask = 2147483647;
			files = (
			);
			runOnlyForDeploymentPostprocessing = 0;
		};
		A06231CF2C4A858800995409 /* Frameworks */ = {
			isa = PBXFrameworksBuildPhase;
			buildActionMask = 2147483647;
			files = (
			);
			runOnlyForDeploymentPostprocessing = 0;
		};
/* End PBXFrameworksBuildPhase section */

/* Begin PBXGroup section */
		A06231AB2C4A858500995409 = {
			isa = PBXGroup;
			children = (
				A06231B62C4A858500995409 /* GitDemo1 */,
				A06231CB2C4A858800995409 /* GitDemo1Tests */,
				A06231D52C4A858800995409 /* GitDemo1UITests */,
				A06231B52C4A858500995409 /* Products */,
			);
			sourceTree = "<group>";
		};
		A06231B52C4A858500995409 /* Products */ = {
			isa = PBXGroup;
			children = (
				A06231B42C4A858500995409 /* GitDemo1.app */,
				A06231C82C4A858800995409 /* GitDemo1Tests.xctest */,
				A06231D22C4A858800995409 /* GitDemo1UITests.xctest */,
			);
			name = Products;
			sourceTree = "<group>";
		};
		A06231B62C4A858500995409 /* GitDemo1 */ = {
			isa = PBXGroup;
			children = (
				A06231B72C4A858500995409 /* GitDemo1App.swift */,
				A06231B92C4A858500995409 /* GitDemo1Document.swift */,
				A06231BB2C4A858500995409 /* ContentView.swift */,
				A06231BD2C4A858700995409 /* Assets.xcassets */,
				A06231BF2C4A858700995409 /* Info.plist */,
				A06231C02C4A858700995409 /* GitDemo1.entitlements */,
				A06231C12C4A858700995409 /* Preview Content */,
			);
			path = GitDemo1;
			sourceTree = "<group>";
		};
		A06231C12C4A858700995409 /* Preview Content */ = {
			isa = PBXGroup;
			children = (
				A06231C22C4A858700995409 /* Preview Assets.xcassets */,
			);
			path = "Preview Content";
			sourceTree = "<group>";
		};
		A06231CB2C4A858800995409 /* GitDemo1Tests */ = {
			isa = PBXGroup;
			children = (
				A06231CC2C4A858800995409 /* GitDemo1Tests.swift */,
			);
			path = GitDemo1Tests;
			sourceTree = "<group>";
		};
		A06231D52C4A858800995409 /* GitDemo1UITests */ = {
			isa = PBXGroup;
			children = (
				A06231D62C4A858800995409 /* GitDemo1UITests.swift */,
				A06231D82C4A858800995409 /* GitDemo1UITestsLaunchTests.swift */,
			);
			path = GitDemo1UITests;
			sourceTree = "<group>";
		};
/* End PBXGroup section */

/* Begin PBXNativeTarget section */
		A06231B32C4A858500995409 /* GitDemo1 */ = {
			isa = PBXNativeTarget;
			buildConfigurationList = A06231DC2C4A858800995409 /* Build configuration list for PBXNativeTarget "GitDemo1" */;
			buildPhases = (
				A06231B02C4A858500995409 /* Sources */,
				A06231B12C4A858500995409 /* Frameworks */,
				A06231B22C4A858500995409 /* Resources */,
			);
			buildRules = (
			);
			dependencies = (
			);
			name = GitDemo1;
			productName = GitDemo1;
			productReference = A06231B42C4A858500995409 /* GitDemo1.app */;
			productType = "com.apple.product-type.application";
		};
		A06231C72C4A858800995409 /* GitDemo1Tests */ = {
			isa = PBXNativeTarget;
			buildConfigurationList = A06231DF2C4A858800995409 /* Build configuration list for PBXNativeTarget "GitDemo1Tests" */;
			buildPhases = (
				A06231C42C4A858800995409 /* Sources */,
				A06231C52C4A858800995409 /* Frameworks */,
				A06231C62C4A858800995409 /* Resources */,
			);
			buildRules = (
			);
			dependencies = (
				A06231CA2C4A858800995409 /* PBXTargetDependency */,
			);
			name = GitDemo1Tests;
			productName = GitDemo1Tests;
			productReference = A06231C82C4A858800995409 /* GitDemo1Tests.xctest */;
			productType = "com.apple.product-type.bundle.unit-test";
		};
		A06231D12C4A858800995409 /* GitDemo1UITests */ = {
			isa = PBXNativeTarget;
			buildConfigurationList = A06231E22C4A858800995409 /* Build configuration list for PBXNativeTarget "GitDemo1UITests" */;
			buildPhases = (
				A06231CE2C4A858800995409 /* Sources */,
				A06231CF2C4A858800995409 /* Frameworks */,
				A06231D02C4A858800995409 /* Resources */,
			);
			buildRules = (
			);
			dependencies = (
				A06231D42C4A858800995409 /* PBXTargetDependency */,
			);
			name = GitDemo1UITests;
			productName = GitDemo1UITests;
			productReference = A06231D22C4A858800995409 /* GitDemo1UITests.xctest */;
			productType = "com.apple.product-type.bundle.ui-testing";
		};
/* End PBXNativeTarget section */

/* Begin PBXProject section */
		A06231AC2C4A858500995409 /* Project object */ = {
			isa = PBXProject;
			attributes = {
				BuildIndependentTargetsInParallel = 1;
				LastSwiftUpdateCheck = 1540;
				LastUpgradeCheck = 1540;
				TargetAttributes = {
					A06231B32C4A858500995409 = {
						CreatedOnToolsVersion = 15.4;
					};
					A06231C72C4A858800995409 = {
						CreatedOnToolsVersion = 15.4;
						TestTargetID = A06231B32C4A858500995409;
					};
					A06231D12C4A858800995409 = {
						CreatedOnToolsVersion = 15.4;
						TestTargetID = A06231B32C4A858500995409;
					};
				};
			};
			buildConfigurationList = A06231AF2C4A858500995409 /* Build configuration list for PBXProject "GitDemo1" */;
			compatibilityVersion = "Xcode 14.0";
			developmentRegion = en;
			hasScannedForEncodings = 0;
			knownRegions = (
				en,
				Base,
			);
			mainGroup = A06231AB2C4A858500995409;
			productRefGroup = A06231B52C4A858500995409 /* Products */;
			projectDirPath = "";
			projectRoot = "";
			targets = (
				A06231B32C4A858500995409 /* GitDemo1 */,
				A06231C72C4A858800995409 /* GitDemo1Tests */,
				A06231D12C4A858800995409 /* GitDemo1UITests */,
			);
		};
/* End PBXProject section */

/* Begin PBXResourcesBuildPhase section */
		A06231B22C4A858500995409 /* Resources */ = {
			isa = PBXResourcesBuildPhase;
			buildActionMask = 2147483647;
			files = (
				A06231C32C4A858700995409 /* Preview Assets.xcassets in Resources */,
				A06231BE2C4A858700995409 /* Assets.xcassets in Resources */,
			);
			runOnlyForDeploymentPostprocessing = 0;
		};
		A06231C62C4A858800995409 /* Resources */ = {
			isa = PBXResourcesBuildPhase;
			buildActionMask = 2147483647;
			files = (
			);
			runOnlyForDeploymentPostprocessing = 0;
		};
		A06231D02C4A858800995409 /* Resources */ = {
			isa = PBXResourcesBuildPhase;
			buildActionMask = 2147483647;
			files = (
			);
			runOnlyForDeploymentPostprocessing = 0;
		};
/* End PBXResourcesBuildPhase section */

/* Begin PBXSourcesBuildPhase section */
		A06231B02C4A858500995409 /* Sources */ = {
			isa = PBXSourcesBuildPhase;
			buildActionMask = 2147483647;
			files = (
				A06231BA2C4A858500995409 /* GitDemo1Document.swift in Sources */,
				A06231B82C4A858500995409 /* GitDemo1App.swift in Sources */,
				A06231BC2C4A858500995409 /* ContentView.swift in Sources */,
			);
			runOnlyForDeploymentPostprocessing = 0;
		};
		A06231C42C4A858800995409 /* Sources */ = {
			isa = PBXSourcesBuildPhase;
			buildActionMask = 2147483647;
			files = (
				A06231CD2C4A858800995409 /* GitDemo1Tests.swift in Sources */,
			);
			runOnlyForDeploymentPostprocessing = 0;
		};
		A06231CE2C4A858800995409 /* Sources */ = {
			isa = PBXSourcesBuildPhase;
			buildActionMask = 2147483647;
			files = (
				A06231D92C4A858800995409 /* GitDemo1UITestsLaunchTests.swift in Sources */,
				A06231D72C4A858800995409 /* GitDemo1UITests.swift in Sources */,
			);
			runOnlyForDeploymentPostprocessing = 0;
		};
/* End PBXSourcesBuildPhase section */

/* Begin PBXTargetDependency section */
		A06231CA2C4A858800995409 /* PBXTargetDependency */ = {
			isa = PBXTargetDependency;
			target = A06231B32C4A858500995409 /* GitDemo1 */;
			targetProxy = A06231C92C4A858800995409 /* PBXContainerItemProxy */;
		};
		A06231D42C4A858800995409 /* PBXTargetDependency */ = {
			isa = PBXTargetDependency;
			target = A06231B32C4A858500995409 /* GitDemo1 */;
			targetProxy = A06231D32C4A858800995409 /* PBXContainerItemProxy */;
		};
/* End PBXTargetDependency section */

/* Begin XCBuildConfiguration section */
		A06231DA2C4A858800995409 /* Debug */ = {
			isa = XCBuildConfiguration;
			buildSettings = {
				ALWAYS_SEARCH_USER_PATHS = NO;
				ASSETCATALOG_COMPILER_GENERATE_SWIFT_ASSET_SYMBOL_EXTENSIONS = YES;
				CLANG_ANALYZER_NONNULL = YES;
				CLANG_ANALYZER_NUMBER_OBJECT_CONVERSION = YES_AGGRESSIVE;
				CLANG_CXX_LANGUAGE_STANDARD = "gnu++20";
				CLANG_ENABLE_MODULES = YES;
				CLANG_ENABLE_OBJC_ARC = YES;
				CLANG_ENABLE_OBJC_WEAK = YES;
				CLANG_WARN_BLOCK_CAPTURE_AUTORELEASING = YES;
				CLANG_WARN_BOOL_CONVERSION = YES;
				CLANG_WARN_COMMA = YES;
				CLANG_WARN_CONSTANT_CONVERSION = YES;
				CLANG_WARN_DEPRECATED_OBJC_IMPLEMENTATIONS = YES;
				CLANG_WARN_DIRECT_OBJC_ISA_USAGE = YES_ERROR;
				CLANG_WARN_DOCUMENTATION_COMMENTS = YES;
				CLANG_WARN_EMPTY_BODY = YES;
				CLANG_WARN_ENUM_CONVERSION = YES;
				CLANG_WARN_INFINITE_RECURSION = YES;
				CLANG_WARN_INT_CONVERSION = YES;
				CLANG_WARN_NON_LITERAL_NULL_CONVERSION = YES;
				CLANG_WARN_OBJC_IMPLICIT_RETAIN_SELF = YES;
				CLANG_WARN_OBJC_LITERAL_CONVERSION = YES;
				CLANG_WARN_OBJC_ROOT_CLASS = YES_ERROR;
				CLANG_WARN_QUOTED_INCLUDE_IN_FRAMEWORK_HEADER = YES;
				CLANG_WARN_RANGE_LOOP_ANALYSIS = YES;
				CLANG_WARN_STRICT_PROTOTYPES = YES;
				CLANG_WARN_SUSPICIOUS_MOVE = YES;
				CLANG_WARN_UNGUARDED_AVAILABILITY = YES_AGGRESSIVE;
				CLANG_WARN_UNREACHABLE_CODE = YES;
				CLANG_WARN__DUPLICATE_METHOD_MATCH = YES;
				COPY_PHASE_STRIP = NO;
				DEBUG_INFORMATION_FORMAT = dwarf;
				ENABLE_STRICT_OBJC_MSGSEND = YES;
				ENABLE_TESTABILITY = YES;
				ENABLE_USER_SCRIPT_SANDBOXING = YES;
				GCC_C_LANGUAGE_STANDARD = gnu17;
				GCC_DYNAMIC_NO_PIC = NO;
				GCC_NO_COMMON_BLOCKS = YES;
				GCC_OPTIMIZATION_LEVEL = 0;
				GCC_PREPROCESSOR_DEFINITIONS = (
					"DEBUG=1",
					"$(inherited)",
				);
				GCC_WARN_64_TO_32_BIT_CONVERSION = YES;
				GCC_WARN_ABOUT_RETURN_TYPE = YES_ERROR;
				GCC_WARN_UNDECLARED_SELECTOR = YES;
				GCC_WARN_UNINITIALIZED_AUTOS = YES_AGGRESSIVE;
				GCC_WARN_UNUSED_FUNCTION = YES;
				GCC_WARN_UNUSED_VARIABLE = YES;
				LOCALIZATION_PREFERS_STRING_CATALOGS = YES;
				MTL_ENABLE_DEBUG_INFO = INCLUDE_SOURCE;
				MTL_FAST_MATH = YES;
				ONLY_ACTIVE_ARCH = YES;
				SWIFT_ACTIVE_COMPILATION_CONDITIONS = "DEBUG $(inherited)";
				SWIFT_OPTIMIZATION_LEVEL = "-Onone";
			};
			name = Debug;
		};
		A06231DB2C4A858800995409 /* Release */ = {
			isa = XCBuildConfiguration;
			buildSettings = {
				ALWAYS_SEARCH_USER_PATHS = NO;
				ASSETCATALOG_COMPILER_GENERATE_SWIFT_ASSET_SYMBOL_EXTENSIONS = YES;
				CLANG_ANALYZER_NONNULL = YES;
				CLANG_ANALYZER_NUMBER_OBJECT_CONVERSION = YES_AGGRESSIVE;
				CLANG_CXX_LANGUAGE_STANDARD = "gnu++20";
				CLANG_ENABLE_MODULES = YES;
				CLANG_ENABLE_OBJC_ARC = YES;
				CLANG_ENABLE_OBJC_WEAK = YES;
				CLANG_WARN_BLOCK_CAPTURE_AUTORELEASING = YES;
				CLANG_WARN_BOOL_CONVERSION = YES;
				CLANG_WARN_COMMA = YES;
				CLANG_WARN_CONSTANT_CONVERSION = YES;
				CLANG_WARN_DEPRECATED_OBJC_IMPLEMENTATIONS = YES;
				CLANG_WARN_DIRECT_OBJC_ISA_USAGE = YES_ERROR;
				CLANG_WARN_DOCUMENTATION_COMMENTS = YES;
				CLANG_WARN_EMPTY_BODY = YES;
				CLANG_WARN_ENUM_CONVERSION = YES;
				CLANG_WARN_INFINITE_RECURSION = YES;
				CLANG_WARN_INT_CONVERSION = YES;
				CLANG_WARN_NON_LITERAL_NULL_CONVERSION = YES;
				CLANG_WARN_OBJC_IMPLICIT_RETAIN_SELF = YES;
				CLANG_WARN_OBJC_LITERAL_CONVERSION = YES;
				CLANG_WARN_OBJC_ROOT_CLASS = YES_ERROR;
				CLANG_WARN_QUOTED_INCLUDE_IN_FRAMEWORK_HEADER = YES;
				CLANG_WARN_RANGE_LOOP_ANALYSIS = YES;
				CLANG_WARN_STRICT_PROTOTYPES = YES;
				CLANG_WARN_SUSPICIOUS_MOVE = YES;
				CLANG_WARN_UNGUARDED_AVAILABILITY = YES_AGGRESSIVE;
				CLANG_WARN_UNREACHABLE_CODE = YES;
				CLANG_WARN__DUPLICATE_METHOD_MATCH = YES;
				COPY_PHASE_STRIP = NO;
				DEBUG_INFORMATION_FORMAT = "dwarf-with-dsym";
				ENABLE_NS_ASSERTIONS = NO;
				ENABLE_STRICT_OBJC_MSGSEND = YES;
				ENABLE_USER_SCRIPT_SANDBOXING = YES;
				GCC_C_LANGUAGE_STANDARD = gnu17;
				GCC_NO_COMMON_BLOCKS = YES;
				GCC_WARN_64_TO_32_BIT_CONVERSION = YES;
				GCC_WARN_ABOUT_RETURN_TYPE = YES_ERROR;
				GCC_WARN_UNDECLARED_SELECTOR = YES;
				GCC_WARN_UNINITIALIZED_AUTOS = YES_AGGRESSIVE;
				GCC_WARN_UNUSED_FUNCTION = YES;
				GCC_WARN_UNUSED_VARIABLE = YES;
				LOCALIZATION_PREFERS_STRING_CATALOGS = YES;
				MTL_ENABLE_DEBUG_INFO = NO;
				MTL_FAST_MATH = YES;
				SWIFT_COMPILATION_MODE = wholemodule;
			};
			name = Release;
		};
		A06231DD2C4A858800995409 /* Debug */ = {
			isa = XCBuildConfiguration;
			buildSettings = {
				ASSETCATALOG_COMPILER_APPICON_NAME = AppIcon;
				ASSETCATALOG_COMPILER_GLOBAL_ACCENT_COLOR_NAME = AccentColor;
				CODE_SIGN_ENTITLEMENTS = GitDemo1/GitDemo1.entitlements;
				CODE_SIGN_STYLE = Automatic;
				CURRENT_PROJECT_VERSION = 1;
				DEVELOPMENT_ASSET_PATHS = "\"GitDemo1/Preview Content\"";
				ENABLE_PREVIEWS = YES;
				GENERATE_INFOPLIST_FILE = YES;
				INFOPLIST_FILE = GitDemo1/Info.plist;
				"INFOPLIST_KEY_UIApplicationSceneManifest_Generation[sdk=iphoneos*]" = YES;
				"INFOPLIST_KEY_UIApplicationSceneManifest_Generation[sdk=iphonesimulator*]" = YES;
				"INFOPLIST_KEY_UIApplicationSupportsIndirectInputEvents[sdk=iphoneos*]" = YES;
				"INFOPLIST_KEY_UIApplicationSupportsIndirectInputEvents[sdk=iphonesimulator*]" = YES;
				"INFOPLIST_KEY_UILaunchScreen_Generation[sdk=iphoneos*]" = YES;
				"INFOPLIST_KEY_UILaunchScreen_Generation[sdk=iphonesimulator*]" = YES;
				"INFOPLIST_KEY_UIStatusBarStyle[sdk=iphoneos*]" = UIStatusBarStyleDefault;
				"INFOPLIST_KEY_UIStatusBarStyle[sdk=iphonesimulator*]" = UIStatusBarStyleDefault;
				INFOPLIST_KEY_UISupportedInterfaceOrientations_iPad = "UIInterfaceOrientationPortrait UIInterfaceOrientationPortraitUpsideDown UIInterfaceOrientationLandscapeLeft UIInterfaceOrientationLandscapeRight";
				INFOPLIST_KEY_UISupportedInterfaceOrientations_iPhone = "UIInterfaceOrientationPortrait UIInterfaceOrientationLandscapeLeft UIInterfaceOrientationLandscapeRight";
				"INFOPLIST_KEY_UISupportsDocumentBrowser[sdk=iphoneos*]" = YES;
				"INFOPLIST_KEY_UISupportsDocumentBrowser[sdk=iphonesimulator*]" = YES;
				IPHONEOS_DEPLOYMENT_TARGET = 17.5;
				LD_RUNPATH_SEARCH_PATHS = "@executable_path/Frameworks";
				"LD_RUNPATH_SEARCH_PATHS[sdk=macosx*]" = "@executable_path/../Frameworks";
				MACOSX_DEPLOYMENT_TARGET = 14.5;
				MARKETING_VERSION = 1.0;
				PRODUCT_BUNDLE_IDENTIFIER = khuswayne.GitDemo1;
				PRODUCT_NAME = "$(TARGET_NAME)";
				SDKROOT = auto;
				SUPPORTED_PLATFORMS = "iphoneos iphonesimulator macosx";
				SWIFT_EMIT_LOC_STRINGS = YES;
				SWIFT_VERSION = 5.0;
				TARGETED_DEVICE_FAMILY = "1,2";
			};
			name = Debug;
		};
		A06231DE2C4A858800995409 /* Release */ = {
			isa = XCBuildConfiguration;
			buildSettings = {
				ASSETCATALOG_COMPILER_APPICON_NAME = AppIcon;
				ASSETCATALOG_COMPILER_GLOBAL_ACCENT_COLOR_NAME = AccentColor;
				CODE_SIGN_ENTITLEMENTS = GitDemo1/GitDemo1.entitlements;
				CODE_SIGN_STYLE = Automatic;
				CURRENT_PROJECT_VERSION = 1;
				DEVELOPMENT_ASSET_PATHS = "\"GitDemo1/Preview Content\"";
				ENABLE_PREVIEWS = YES;
				GENERATE_INFOPLIST_FILE = YES;
				INFOPLIST_FILE = GitDemo1/Info.plist;
				"INFOPLIST_KEY_UIApplicationSceneManifest_Generation[sdk=iphoneos*]" = YES;
				"INFOPLIST_KEY_UIApplicationSceneManifest_Generation[sdk=iphonesimulator*]" = YES;
				"INFOPLIST_KEY_UIApplicationSupportsIndirectInputEvents[sdk=iphoneos*]" = YES;
				"INFOPLIST_KEY_UIApplicationSupportsIndirectInputEvents[sdk=iphonesimulator*]" = YES;
				"INFOPLIST_KEY_UILaunchScreen_Generation[sdk=iphoneos*]" = YES;
				"INFOPLIST_KEY_UILaunchScreen_Generation[sdk=iphonesimulator*]" = YES;
				"INFOPLIST_KEY_UIStatusBarStyle[sdk=iphoneos*]" = UIStatusBarStyleDefault;
				"INFOPLIST_KEY_UIStatusBarStyle[sdk=iphonesimulator*]" = UIStatusBarStyleDefault;
				INFOPLIST_KEY_UISupportedInterfaceOrientations_iPad = "UIInterfaceOrientationPortrait UIInterfaceOrientationPortraitUpsideDown UIInterfaceOrientationLandscapeLeft UIInterfaceOrientationLandscapeRight";
				INFOPLIST_KEY_UISupportedInterfaceOrientations_iPhone = "UIInterfaceOrientationPortrait UIInterfaceOrientationLandscapeLeft UIInterfaceOrientationLandscapeRight";
				"INFOPLIST_KEY_UISupportsDocumentBrowser[sdk=iphoneos*]" = YES;
				"INFOPLIST_KEY_UISupportsDocumentBrowser[sdk=iphonesimulator*]" = YES;
				IPHONEOS_DEPLOYMENT_TARGET = 17.5;
				LD_RUNPATH_SEARCH_PATHS = "@executable_path/Frameworks";
				"LD_RUNPATH_SEARCH_PATHS[sdk=macosx*]" = "@executable_path/../Frameworks";
				MACOSX_DEPLOYMENT_TARGET = 14.5;
				MARKETING_VERSION = 1.0;
				PRODUCT_BUNDLE_IDENTIFIER = khuswayne.GitDemo1;
				PRODUCT_NAME = "$(TARGET_NAME)";
				SDKROOT = auto;
				SUPPORTED_PLATFORMS = "iphoneos iphonesimulator macosx";
				SWIFT_EMIT_LOC_STRINGS = YES;
				SWIFT_VERSION = 5.0;
				TARGETED_DEVICE_FAMILY = "1,2";
			};
			name = Release;
		};
		A06231E02C4A858800995409 /* Debug */ = {
			isa = XCBuildConfiguration;
			buildSettings = {
				ALWAYS_EMBED_SWIFT_STANDARD_LIBRARIES = YES;
				BUNDLE_LOADER = "$(TEST_HOST)";
				CODE_SIGN_STYLE = Automatic;
				CURRENT_PROJECT_VERSION = 1;
				GENERATE_INFOPLIST_FILE = YES;
				IPHONEOS_DEPLOYMENT_TARGET = 17.5;
				MACOSX_DEPLOYMENT_TARGET = 14.5;
				MARKETING_VERSION = 1.0;
				PRODUCT_BUNDLE_IDENTIFIER = khuswayne.GitDemo1Tests;
				PRODUCT_NAME = "$(TARGET_NAME)";
				SDKROOT = auto;
				SUPPORTED_PLATFORMS = "iphoneos iphonesimulator macosx";
				SWIFT_EMIT_LOC_STRINGS = NO;
				SWIFT_VERSION = 5.0;
				TARGETED_DEVICE_FAMILY = "1,2";
				TEST_HOST = "$(BUILT_PRODUCTS_DIR)/GitDemo1.app/$(BUNDLE_EXECUTABLE_FOLDER_PATH)/GitDemo1";
			};
			name = Debug;
		};
		A06231E12C4A858800995409 /* Release */ = {
			isa = XCBuildConfiguration;
			buildSettings = {
				ALWAYS_EMBED_SWIFT_STANDARD_LIBRARIES = YES;
				BUNDLE_LOADER = "$(TEST_HOST)";
				CODE_SIGN_STYLE = Automatic;
				CURRENT_PROJECT_VERSION = 1;
				GENERATE_INFOPLIST_FILE = YES;
				IPHONEOS_DEPLOYMENT_TARGET = 17.5;
				MACOSX_DEPLOYMENT_TARGET = 14.5;
				MARKETING_VERSION = 1.0;
				PRODUCT_BUNDLE_IDENTIFIER = khuswayne.GitDemo1Tests;
				PRODUCT_NAME = "$(TARGET_NAME)";
				SDKROOT = auto;
				SUPPORTED_PLATFORMS = "iphoneos iphonesimulator macosx";
				SWIFT_EMIT_LOC_STRINGS = NO;
				SWIFT_VERSION = 5.0;
				TARGETED_DEVICE_FAMILY = "1,2";
				TEST_HOST = "$(BUILT_PRODUCTS_DIR)/GitDemo1.app/$(BUNDLE_EXECUTABLE_FOLDER_PATH)/GitDemo1";
			};
			name = Release;
		};
		A06231E32C4A858800995409 /* Debug */ = {
			isa = XCBuildConfiguration;
			buildSettings = {
				ALWAYS_EMBED_SWIFT_STANDARD_LIBRARIES = YES;
				CODE_SIGN_STYLE = Automatic;
				CURRENT_PROJECT_VERSION = 1;
				GENERATE_INFOPLIST_FILE = YES;
				IPHONEOS_DEPLOYMENT_TARGET = 17.5;
				MACOSX_DEPLOYMENT_TARGET = 14.5;
				MARKETING_VERSION = 1.0;
				PRODUCT_BUNDLE_IDENTIFIER = khuswayne.GitDemo1UITests;
				PRODUCT_NAME = "$(TARGET_NAME)";
				SDKROOT = auto;
				SUPPORTED_PLATFORMS = "iphoneos iphonesimulator macosx";
				SWIFT_EMIT_LOC_STRINGS = NO;
				SWIFT_VERSION = 5.0;
				TARGETED_DEVICE_FAMILY = "1,2";
				TEST_TARGET_NAME = GitDemo1;
			};
			name = Debug;
		};
		A06231E42C4A858800995409 /* Release */ = {
			isa = XCBuildConfiguration;
			buildSettings = {
				ALWAYS_EMBED_SWIFT_STANDARD_LIBRARIES = YES;
				CODE_SIGN_STYLE = Automatic;
				CURRENT_PROJECT_VERSION = 1;
				GENERATE_INFOPLIST_FILE = YES;
				IPHONEOS_DEPLOYMENT_TARGET = 17.5;
				MACOSX_DEPLOYMENT_TARGET = 14.5;
				MARKETING_VERSION = 1.0;
				PRODUCT_BUNDLE_IDENTIFIER = khuswayne.GitDemo1UITests;
				PRODUCT_NAME = "$(TARGET_NAME)";
				SDKROOT = auto;
				SUPPORTED_PLATFORMS = "iphoneos iphonesimulator macosx";
				SWIFT_EMIT_LOC_STRINGS = NO;
				SWIFT_VERSION = 5.0;
				TARGETED_DEVICE_FAMILY = "1,2";
				TEST_TARGET_NAME = GitDemo1;
			};
			name = Release;
		};
/* End XCBuildConfiguration section */

/* Begin XCConfigurationList section */
		A06231AF2C4A858500995409 /* Build configuration list for PBXProject "GitDemo1" */ = {
			isa = XCConfigurationList;
			buildConfigurations = (
				A06231DA2C4A858800995409 /* Debug */,
				A06231DB2C4A858800995409 /* Release */,
			);
			defaultConfigurationIsVisible = 0;
			defaultConfigurationName = Release;
		};
		A06231DC2C4A858800995409 /* Build configuration list for PBXNativeTarget "GitDemo1" */ = {
			isa = XCConfigurationList;
			buildConfigurations = (
				A06231DD2C4A858800995409 /* Debug */,
				A06231DE2C4A858800995409 /* Release */,
			);
			defaultConfigurationIsVisible = 0;
			defaultConfigurationName = Release;
		};
		A06231DF2C4A858800995409 /* Build configuration list for PBXNativeTarget "GitDemo1Tests" */ = {
			isa = XCConfigurationList;
			buildConfigurations = (
				A06231E02C4A858800995409 /* Debug */,
				A06231E12C4A858800995409 /* Release */,
			);
			defaultConfigurationIsVisible = 0;
			defaultConfigurationName = Release;
		};
		A06231E22C4A858800995409 /* Build configuration list for PBXNativeTarget "GitDemo1UITests" */ = {
			isa = XCConfigurationList;
			buildConfigurations = (
				A06231E32C4A858800995409 /* Debug */,
				A06231E42C4A858800995409 /* Release */,
			);
			defaultConfigurationIsVisible = 0;
			defaultConfigurationName = Release;
		};
/* End XCConfigurationList section */
	};
	rootObject = A06231AC2C4A858500995409 /* Project object */;
}
